{
  "originHash" : "d63f27ed1bf2e45b0f2a8719c37f11981bdef48dad803395f4f186e9d7481363",
  "pins" : [
    {
      "identity" : "swift-format-plugin",
      "kind" : "remoteSourceControl",
      "location" : "https://github.com/Brent-Tunnicliff/swift-format-plugin",
      "state" : {
        "revision" : "d2ffb7228c500d29c99047f0b285a20d6b270312",
        "version" : "2.0.3"
      }
    }
  ],
  "version" : 3
}
